// !$*UTF8*$!
{
	archiveVersion = 1;
	classes = {
	};
	objectVersion = 48;
	objects = {

/* Begin PBXBuildFile section */
		49B99FDC1FB63CFD0037D4FF /* AppDelegate.swift in Sources */ = {isa = PBXBuildFile; fileRef = 49B99FDB1FB63CFD0037D4FF /* AppDelegate.swift */; };
		49B99FDE1FB63CFD0037D4FF /* ViewController.swift in Sources */ = {isa = PBXBuildFile; fileRef = 49B99FDD1FB63CFD0037D4FF /* ViewController.swift */; };
		49B99FE11FB63CFD0037D4FF /* Main.storyboard in Resources */ = {isa = PBXBuildFile; fileRef = 49B99FDF1FB63CFD0037D4FF /* Main.storyboard */; };
		49B99FE31FB63CFD0037D4FF /* Assets.xcassets in Resources */ = {isa = PBXBuildFile; fileRef = 49B99FE21FB63CFD0037D4FF /* Assets.xcassets */; };
		49B99FE61FB63CFE0037D4FF /* LaunchScreen.storyboard in Resources */ = {isa = PBXBuildFile; fileRef = 49B99FE41FB63CFE0037D4FF /* LaunchScreen.storyboard */; };
		49B99FF11FB63CFE0037D4FF /* fbxpollenfallenTests.swift in Sources */ = {isa = PBXBuildFile; fileRef = 49B99FF01FB63CFE0037D4FF /* fbxpollenfallenTests.swift */; };
		4F0EF832AA561F08EB658428 /* Pods_fbxpollenfallen.framework in Frameworks */ = {isa = PBXBuildFile; fileRef = 496003B1F9A15CD39B78C9C1 /* Pods_fbxpollenfallen.framework */; };
		BE4B9AFC5953F0120C2B3D03 /* Pods_fbxpollenfallenTests.framework in Frameworks */ = {isa = PBXBuildFile; fileRef = AF7B8FECED15EAF8C4E1ADE9 /* Pods_fbxpollenfallenTests.framework */; };
/* End PBXBuildFile section */

/* Begin PBXContainerItemProxy section */
		49B99FED1FB63CFE0037D4FF /* PBXContainerItemProxy */ = {
			isa = PBXContainerItemProxy;
			containerPortal = 49B99FD01FB63CFD0037D4FF /* Project object */;
			proxyType = 1;
			remoteGlobalIDString = 49B99FD71FB63CFD0037D4FF;
			remoteInfo = fbxpollenfallen;
		};
/* End PBXContainerItemProxy section */

/* Begin PBXFileReference section */
		496003B1F9A15CD39B78C9C1 /* Pods_fbxpollenfallen.framework */ = {isa = PBXFileReference; explicitFileType = wrapper.framework; includeInIndex = 0; path = Pods_fbxpollenfallen.framework; sourceTree = BUILT_PRODUCTS_DIR; };
		49B99FD81FB63CFD0037D4FF /* fbxpollenfallen.app */ = {isa = PBXFileReference; explicitFileType = wrapper.application; includeInIndex = 0; path = fbxpollenfallen.app; sourceTree = BUILT_PRODUCTS_DIR; };
		49B99FDB1FB63CFD0037D4FF /* AppDelegate.swift */ = {isa = PBXFileReference; lastKnownFileType = sourcecode.swift; path = AppDelegate.swift; sourceTree = "<group>"; };
		49B99FDD1FB63CFD0037D4FF /* ViewController.swift */ = {isa = PBXFileReference; lastKnownFileType = sourcecode.swift; path = ViewController.swift; sourceTree = "<group>"; };
		49B99FE01FB63CFD0037D4FF /* Base */ = {isa = PBXFileReference; lastKnownFileType = file.storyboard; name = Base; path = Base.lproj/Main.storyboard; sourceTree = "<group>"; };
		49B99FE21FB63CFD0037D4FF /* Assets.xcassets */ = {isa = PBXFileReference; lastKnownFileType = folder.assetcatalog; path = Assets.xcassets; sourceTree = "<group>"; };
		49B99FE51FB63CFE0037D4FF /* Base */ = {isa = PBXFileReference; lastKnownFileType = file.storyboard; name = Base; path = Base.lproj/LaunchScreen.storyboard; sourceTree = "<group>"; };
		49B99FE71FB63CFE0037D4FF /* Info.plist */ = {isa = PBXFileReference; lastKnownFileType = text.plist.xml; path = Info.plist; sourceTree = "<group>"; };
		49B99FEC1FB63CFE0037D4FF /* fbxpollenfallenTests.xctest */ = {isa = PBXFileReference; explicitFileType = wrapper.cfbundle; includeInIndex = 0; path = fbxpollenfallenTests.xctest; sourceTree = BUILT_PRODUCTS_DIR; };
		49B99FF01FB63CFE0037D4FF /* fbxpollenfallenTests.swift */ = {isa = PBXFileReference; lastKnownFileType = sourcecode.swift; path = fbxpollenfallenTests.swift; sourceTree = "<group>"; };
		49B99FF21FB63CFE0037D4FF /* Info.plist */ = {isa = PBXFileReference; lastKnownFileType = text.plist.xml; path = Info.plist; sourceTree = "<group>"; };
		5E155B456A1BD84DF9CDA594 /* Pods-fbxpollenfallen.debug.xcconfig */ = {isa = PBXFileReference; includeInIndex = 1; lastKnownFileType = text.xcconfig; name = "Pods-fbxpollenfallen.debug.xcconfig"; path = "Pods/Target Support Files/Pods-fbxpollenfallen/Pods-fbxpollenfallen.debug.xcconfig"; sourceTree = "<group>"; };
		91999BDD072E386ECA41AE3A /* Pods-fbxpollenfallenTests.debug.xcconfig */ = {isa = PBXFileReference; includeInIndex = 1; lastKnownFileType = text.xcconfig; name = "Pods-fbxpollenfallenTests.debug.xcconfig"; path = "Pods/Target Support Files/Pods-fbxpollenfallenTests/Pods-fbxpollenfallenTests.debug.xcconfig"; sourceTree = "<group>"; };
		A25E4869FABF4B79B431E4DB /* Pods-fbxpollenfallen.release.xcconfig */ = {isa = PBXFileReference; includeInIndex = 1; lastKnownFileType = text.xcconfig; name = "Pods-fbxpollenfallen.release.xcconfig"; path = "Pods/Target Support Files/Pods-fbxpollenfallen/Pods-fbxpollenfallen.release.xcconfig"; sourceTree = "<group>"; };
		AF7B8FECED15EAF8C4E1ADE9 /* Pods_fbxpollenfallenTests.framework */ = {isa = PBXFileReference; explicitFileType = wrapper.framework; includeInIndex = 0; path = Pods_fbxpollenfallenTests.framework; sourceTree = BUILT_PRODUCTS_DIR; };
		F29EB15C532D6DE40936540C /* Pods-fbxpollenfallenTests.release.xcconfig */ = {isa = PBXFileReference; includeInIndex = 1; lastKnownFileType = text.xcconfig; name = "Pods-fbxpollenfallenTests.release.xcconfig"; path = "Pods/Target Support Files/Pods-fbxpollenfallenTests/Pods-fbxpollenfallenTests.release.xcconfig"; sourceTree = "<group>"; };
/* End PBXFileReference section */

/* Begin PBXFrameworksBuildPhase section */
		49B99FD51FB63CFD0037D4FF /* Frameworks */ = {
			isa = PBXFrameworksBuildPhase;
			buildActionMask = 2147483647;
			files = (
				4F0EF832AA561F08EB658428 /* Pods_fbxpollenfallen.framework in Frameworks */,
			);
			runOnlyForDeploymentPostprocessing = 0;
		};
		49B99FE91FB63CFE0037D4FF /* Frameworks */ = {
			isa = PBXFrameworksBuildPhase;
			buildActionMask = 2147483647;
			files = (
				BE4B9AFC5953F0120C2B3D03 /* Pods_fbxpollenfallenTests.framework in Frameworks */,
			);
			runOnlyForDeploymentPostprocessing = 0;
		};
/* End PBXFrameworksBuildPhase section */

/* Begin PBXGroup section */
		49B99FCF1FB63CFD0037D4FF = {
			isa = PBXGroup;
			children = (
				49B99FDA1FB63CFD0037D4FF /* fbxpollenfallen */,
				49B99FEF1FB63CFE0037D4FF /* fbxpollenfallenTests */,
				49B99FD91FB63CFD0037D4FF /* Products */,
				9646FDEE855670495F64EEC2 /* Pods */,
				74AB0FDB0DEBAB38F04FD37A /* Frameworks */,
			);
			sourceTree = "<group>";
		};
		49B99FD91FB63CFD0037D4FF /* Products */ = {
			isa = PBXGroup;
			children = (
				49B99FD81FB63CFD0037D4FF /* fbxpollenfallen.app */,
				49B99FEC1FB63CFE0037D4FF /* fbxpollenfallenTests.xctest */,
			);
			name = Products;
			sourceTree = "<group>";
		};
		49B99FDA1FB63CFD0037D4FF /* fbxpollenfallen */ = {
			isa = PBXGroup;
			children = (
				49B99FDB1FB63CFD0037D4FF /* AppDelegate.swift */,
				49B99FDD1FB63CFD0037D4FF /* ViewController.swift */,
				49B99FDF1FB63CFD0037D4FF /* Main.storyboard */,
				49B99FE21FB63CFD0037D4FF /* Assets.xcassets */,
				49B99FE41FB63CFE0037D4FF /* LaunchScreen.storyboard */,
				49B99FE71FB63CFE0037D4FF /* Info.plist */,
			);
			path = fbxpollenfallen;
			sourceTree = "<group>";
		};
		49B99FEF1FB63CFE0037D4FF /* fbxpollenfallenTests */ = {
			isa = PBXGroup;
			children = (
				49B99FF01FB63CFE0037D4FF /* fbxpollenfallenTests.swift */,
				49B99FF21FB63CFE0037D4FF /* Info.plist */,
			);
			path = fbxpollenfallenTests;
			sourceTree = "<group>";
		};
		74AB0FDB0DEBAB38F04FD37A /* Frameworks */ = {
			isa = PBXGroup;
			children = (
				496003B1F9A15CD39B78C9C1 /* Pods_fbxpollenfallen.framework */,
				AF7B8FECED15EAF8C4E1ADE9 /* Pods_fbxpollenfallenTests.framework */,
			);
			name = Frameworks;
			sourceTree = "<group>";
		};
		9646FDEE855670495F64EEC2 /* Pods */ = {
			isa = PBXGroup;
			children = (
				5E155B456A1BD84DF9CDA594 /* Pods-fbxpollenfallen.debug.xcconfig */,
				A25E4869FABF4B79B431E4DB /* Pods-fbxpollenfallen.release.xcconfig */,
				91999BDD072E386ECA41AE3A /* Pods-fbxpollenfallenTests.debug.xcconfig */,
				F29EB15C532D6DE40936540C /* Pods-fbxpollenfallenTests.release.xcconfig */,
			);
			name = Pods;
			sourceTree = "<group>";
		};
/* End PBXGroup section */

/* Begin PBXNativeTarget section */
		49B99FD71FB63CFD0037D4FF /* fbxpollenfallen */ = {
			isa = PBXNativeTarget;
			buildConfigurationList = 49B99FF51FB63CFE0037D4FF /* Build configuration list for PBXNativeTarget "fbxpollenfallen" */;
			buildPhases = (
				03D4B575731C5019CD178EF2 /* [CP] Check Pods Manifest.lock */,
				49B99FD41FB63CFD0037D4FF /* Sources */,
				49B99FD51FB63CFD0037D4FF /* Frameworks */,
				49B99FD61FB63CFD0037D4FF /* Resources */,
				A65B876083B486253F6D73CA /* [CP] Embed Pods Frameworks */,
				A7E2005663E074D5AC49159E /* [CP] Copy Pods Resources */,
			);
			buildRules = (
			);
			dependencies = (
			);
			name = fbxpollenfallen;
			productName = fbxpollenfallen;
			productReference = 49B99FD81FB63CFD0037D4FF /* fbxpollenfallen.app */;
			productType = "com.apple.product-type.application";
		};
		49B99FEB1FB63CFE0037D4FF /* fbxpollenfallenTests */ = {
			isa = PBXNativeTarget;
			buildConfigurationList = 49B99FF81FB63CFE0037D4FF /* Build configuration list for PBXNativeTarget "fbxpollenfallenTests" */;
			buildPhases = (
				08991837D0F0C7D9BE30E4C8 /* [CP] Check Pods Manifest.lock */,
				49B99FE81FB63CFE0037D4FF /* Sources */,
				49B99FE91FB63CFE0037D4FF /* Frameworks */,
				49B99FEA1FB63CFE0037D4FF /* Resources */,
				B4D0A136F15CC5EDABE79687 /* [CP] Embed Pods Frameworks */,
				C8A6DFA855648A5B607FA070 /* [CP] Copy Pods Resources */,
			);
			buildRules = (
			);
			dependencies = (
				49B99FEE1FB63CFE0037D4FF /* PBXTargetDependency */,
			);
			name = fbxpollenfallenTests;
			productName = fbxpollenfallenTests;
			productReference = 49B99FEC1FB63CFE0037D4FF /* fbxpollenfallenTests.xctest */;
			productType = "com.apple.product-type.bundle.unit-test";
		};
/* End PBXNativeTarget section */

/* Begin PBXProject section */
		49B99FD01FB63CFD0037D4FF /* Project object */ = {
			isa = PBXProject;
			attributes = {
				LastSwiftUpdateCheck = 0910;
				LastUpgradeCheck = 0910;
				ORGANIZATIONNAME = UAF;
				TargetAttributes = {
					49B99FD71FB63CFD0037D4FF = {
						CreatedOnToolsVersion = 9.1;
						ProvisioningStyle = Automatic;
					};
					49B99FEB1FB63CFE0037D4FF = {
						CreatedOnToolsVersion = 9.1;
						ProvisioningStyle = Automatic;
						TestTargetID = 49B99FD71FB63CFD0037D4FF;
					};
				};
			};
			buildConfigurationList = 49B99FD31FB63CFD0037D4FF /* Build configuration list for PBXProject "fbxpollenfallen" */;
			compatibilityVersion = "Xcode 8.0";
			developmentRegion = en;
			hasScannedForEncodings = 0;
			knownRegions = (
				en,
				Base,
			);
			mainGroup = 49B99FCF1FB63CFD0037D4FF;
			productRefGroup = 49B99FD91FB63CFD0037D4FF /* Products */;
			projectDirPath = "";
			projectRoot = "";
			targets = (
				49B99FD71FB63CFD0037D4FF /* fbxpollenfallen */,
				49B99FEB1FB63CFE0037D4FF /* fbxpollenfallenTests */,
			);
		};
/* End PBXProject section */

/* Begin PBXResourcesBuildPhase section */
		49B99FD61FB63CFD0037D4FF /* Resources */ = {
			isa = PBXResourcesBuildPhase;
			buildActionMask = 2147483647;
			files = (
				49B99FE61FB63CFE0037D4FF /* LaunchScreen.storyboard in Resources */,
				49B99FE31FB63CFD0037D4FF /* Assets.xcassets in Resources */,
				49B99FE11FB63CFD0037D4FF /* Main.storyboard in Resources */,
			);
			runOnlyForDeploymentPostprocessing = 0;
		};
		49B99FEA1FB63CFE0037D4FF /* Resources */ = {
			isa = PBXResourcesBuildPhase;
			buildActionMask = 2147483647;
			files = (
			);
			runOnlyForDeploymentPostprocessing = 0;
		};
/* End PBXResourcesBuildPhase section */

/* Begin PBXShellScriptBuildPhase section */
		03D4B575731C5019CD178EF2 /* [CP] Check Pods Manifest.lock */ = {
			isa = PBXShellScriptBuildPhase;
			buildActionMask = 2147483647;
			files = (
			);
			inputPaths = (
				"${PODS_PODFILE_DIR_PATH}/Podfile.lock",
				"${PODS_ROOT}/Manifest.lock",
			);
			name = "[CP] Check Pods Manifest.lock";
			outputPaths = (
				"$(DERIVED_FILE_DIR)/Pods-fbxpollenfallen-checkManifestLockResult.txt",
			);
			runOnlyForDeploymentPostprocessing = 0;
			shellPath = /bin/sh;
			shellScript = "diff \"${PODS_PODFILE_DIR_PATH}/Podfile.lock\" \"${PODS_ROOT}/Manifest.lock\" > /dev/null\nif [ $? != 0 ] ; then\n    # print error to STDERR\n    echo \"error: The sandbox is not in sync with the Podfile.lock. Run 'pod install' or update your CocoaPods installation.\" >&2\n    exit 1\nfi\n# This output is used by Xcode 'outputs' to avoid re-running this script phase.\necho \"SUCCESS\" > \"${SCRIPT_OUTPUT_FILE_0}\"\n";
			showEnvVarsInLog = 0;
		};
		08991837D0F0C7D9BE30E4C8 /* [CP] Check Pods Manifest.lock */ = {
			isa = PBXShellScriptBuildPhase;
			buildActionMask = 2147483647;
			files = (
			);
			inputPaths = (
				"${PODS_PODFILE_DIR_PATH}/Podfile.lock",
				"${PODS_ROOT}/Manifest.lock",
			);
			name = "[CP] Check Pods Manifest.lock";
			outputPaths = (
				"$(DERIVED_FILE_DIR)/Pods-fbxpollenfallenTests-checkManifestLockResult.txt",
			);
			runOnlyForDeploymentPostprocessing = 0;
			shellPath = /bin/sh;
			shellScript = "diff \"${PODS_PODFILE_DIR_PATH}/Podfile.lock\" \"${PODS_ROOT}/Manifest.lock\" > /dev/null\nif [ $? != 0 ] ; then\n    # print error to STDERR\n    echo \"error: The sandbox is not in sync with the Podfile.lock. Run 'pod install' or update your CocoaPods installation.\" >&2\n    exit 1\nfi\n# This output is used by Xcode 'outputs' to avoid re-running this script phase.\necho \"SUCCESS\" > \"${SCRIPT_OUTPUT_FILE_0}\"\n";
			showEnvVarsInLog = 0;
		};
		A65B876083B486253F6D73CA /* [CP] Embed Pods Frameworks */ = {
			isa = PBXShellScriptBuildPhase;
			buildActionMask = 2147483647;
			files = (
			);
			inputPaths = (
				"${SRCROOT}/Pods/Target Support Files/Pods-fbxpollenfallen/Pods-fbxpollenfallen-frameworks.sh",
				"${BUILT_PRODUCTS_DIR}/Charts/Charts.framework",
			);
			name = "[CP] Embed Pods Frameworks";
			outputPaths = (
				"${TARGET_BUILD_DIR}/${FRAMEWORKS_FOLDER_PATH}/Charts.framework",
			);
			runOnlyForDeploymentPostprocessing = 0;
			shellPath = /bin/sh;
			shellScript = "\"${SRCROOT}/Pods/Target Support Files/Pods-fbxpollenfallen/Pods-fbxpollenfallen-frameworks.sh\"\n";
			showEnvVarsInLog = 0;
		};
		A7E2005663E074D5AC49159E /* [CP] Copy Pods Resources */ = {
			isa = PBXShellScriptBuildPhase;
			buildActionMask = 2147483647;
			files = (
			);
			inputPaths = (
			);
			name = "[CP] Copy Pods Resources";
			outputPaths = (
			);
			runOnlyForDeploymentPostprocessing = 0;
			shellPath = /bin/sh;
			shellScript = "\"${SRCROOT}/Pods/Target Support Files/Pods-fbxpollenfallen/Pods-fbxpollenfallen-resources.sh\"\n";
			showEnvVarsInLog = 0;
		};
		B4D0A136F15CC5EDABE79687 /* [CP] Embed Pods Frameworks */ = {
			isa = PBXShellScriptBuildPhase;
			buildActionMask = 2147483647;
			files = (
			);
			inputPaths = (
			);
			name = "[CP] Embed Pods Frameworks";
			outputPaths = (
			);
			runOnlyForDeploymentPostprocessing = 0;
			shellPath = /bin/sh;
			shellScript = "\"${SRCROOT}/Pods/Target Support Files/Pods-fbxpollenfallenTests/Pods-fbxpollenfallenTests-frameworks.sh\"\n";
			showEnvVarsInLog = 0;
		};
		C8A6DFA855648A5B607FA070 /* [CP] Copy Pods Resources */ = {
			isa = PBXShellScriptBuildPhase;
			buildActionMask = 2147483647;
			files = (
			);
			inputPaths = (
			);
			name = "[CP] Copy Pods Resources";
			outputPaths = (
			);
			runOnlyForDeploymentPostprocessing = 0;
			shellPath = /bin/sh;
			shellScript = "\"${SRCROOT}/Pods/Target Support Files/Pods-fbxpollenfallenTests/Pods-fbxpollenfallenTests-resources.sh\"\n";
			showEnvVarsInLog = 0;
		};
/* End PBXShellScriptBuildPhase section */

/* Begin PBXSourcesBuildPhase section */
		49B99FD41FB63CFD0037D4FF /* Sources */ = {
			isa = PBXSourcesBuildPhase;
			buildActionMask = 2147483647;
			files = (
				49B99FDE1FB63CFD0037D4FF /* ViewController.swift in Sources */,
				49B99FDC1FB63CFD0037D4FF /* AppDelegate.swift in Sources */,
			);
			runOnlyForDeploymentPostprocessing = 0;
		};
		49B99FE81FB63CFE0037D4FF /* Sources */ = {
			isa = PBXSourcesBuildPhase;
			buildActionMask = 2147483647;
			files = (
				49B99FF11FB63CFE0037D4FF /* fbxpollenfallenTests.swift in Sources */,
			);
			runOnlyForDeploymentPostprocessing = 0;
		};
/* End PBXSourcesBuildPhase section */

/* Begin PBXTargetDependency section */
		49B99FEE1FB63CFE0037D4FF /* PBXTargetDependency */ = {
			isa = PBXTargetDependency;
			target = 49B99FD71FB63CFD0037D4FF /* fbxpollenfallen */;
			targetProxy = 49B99FED1FB63CFE0037D4FF /* PBXContainerItemProxy */;
		};
/* End PBXTargetDependency section */

/* Begin PBXVariantGroup section */
		49B99FDF1FB63CFD0037D4FF /* Main.storyboard */ = {
			isa = PBXVariantGroup;
			children = (
				49B99FE01FB63CFD0037D4FF /* Base */,
			);
			name = Main.storyboard;
			sourceTree = "<group>";
		};
		49B99FE41FB63CFE0037D4FF /* LaunchScreen.storyboard */ = {
			isa = PBXVariantGroup;
			children = (
				49B99FE51FB63CFE0037D4FF /* Base */,
			);
			name = LaunchScreen.storyboard;
			sourceTree = "<group>";
		};
/* End PBXVariantGroup section */

/* Begin XCBuildConfiguration section */
		49B99FF31FB63CFE0037D4FF /* Debug */ = {
			isa = XCBuildConfiguration;
			buildSettings = {
				ALWAYS_SEARCH_USER_PATHS = NO;
				CLANG_ANALYZER_NONNULL = YES;
				CLANG_ANALYZER_NUMBER_OBJECT_CONVERSION = YES_AGGRESSIVE;
				CLANG_CXX_LANGUAGE_STANDARD = "gnu++14";
				CLANG_CXX_LIBRARY = "libc++";
				CLANG_ENABLE_MODULES = YES;
				CLANG_ENABLE_OBJC_ARC = YES;
				CLANG_WARN_BLOCK_CAPTURE_AUTORELEASING = YES;
				CLANG_WARN_BOOL_CONVERSION = YES;
				CLANG_WARN_COMMA = YES;
				CLANG_WARN_CONSTANT_CONVERSION = YES;
				CLANG_WARN_DIRECT_OBJC_ISA_USAGE = YES_ERROR;
				CLANG_WARN_DOCUMENTATION_COMMENTS = YES;
				CLANG_WARN_EMPTY_BODY = YES;
				CLANG_WARN_ENUM_CONVERSION = YES;
				CLANG_WARN_INFINITE_RECURSION = YES;
				CLANG_WARN_INT_CONVERSION = YES;
				CLANG_WARN_NON_LITERAL_NULL_CONVERSION = YES;
				CLANG_WARN_OBJC_LITERAL_CONVERSION = YES;
				CLANG_WARN_OBJC_ROOT_CLASS = YES_ERROR;
				CLANG_WARN_RANGE_LOOP_ANALYSIS = YES;
				CLANG_WARN_STRICT_PROTOTYPES = YES;
				CLANG_WARN_SUSPICIOUS_MOVE = YES;
				CLANG_WARN_UNGUARDED_AVAILABILITY = YES_AGGRESSIVE;
				CLANG_WARN_UNREACHABLE_CODE = YES;
				CLANG_WARN__DUPLICATE_METHOD_MATCH = YES;
				CODE_SIGN_IDENTITY = "iPhone Developer";
				COPY_PHASE_STRIP = NO;
				DEBUG_INFORMATION_FORMAT = dwarf;
				ENABLE_STRICT_OBJC_MSGSEND = YES;
				ENABLE_TESTABILITY = YES;
				GCC_C_LANGUAGE_STANDARD = gnu11;
				GCC_DYNAMIC_NO_PIC = NO;
				GCC_NO_COMMON_BLOCKS = YES;
				GCC_OPTIMIZATION_LEVEL = 0;
				GCC_PREPROCESSOR_DEFINITIONS = (
					"DEBUG=1",
					"$(inherited)",
				);
				GCC_WARN_64_TO_32_BIT_CONVERSION = YES;
				GCC_WARN_ABOUT_RETURN_TYPE = YES_ERROR;
				GCC_WARN_UNDECLARED_SELECTOR = YES;
				GCC_WARN_UNINITIALIZED_AUTOS = YES_AGGRESSIVE;
				GCC_WARN_UNUSED_FUNCTION = YES;
				GCC_WARN_UNUSED_VARIABLE = YES;
				IPHONEOS_DEPLOYMENT_TARGET = 11.1;
				MTL_ENABLE_DEBUG_INFO = YES;
				ONLY_ACTIVE_ARCH = YES;
				SDKROOT = iphoneos;
				SWIFT_ACTIVE_COMPILATION_CONDITIONS = DEBUG;
				SWIFT_OPTIMIZATION_LEVEL = "-Onone";
			};
			name = Debug;
		};
		49B99FF41FB63CFE0037D4FF /* Release */ = {
			isa = XCBuildConfiguration;
			buildSettings = {
				ALWAYS_SEARCH_USER_PATHS = NO;
				CLANG_ANALYZER_NONNULL = YES;
				CLANG_ANALYZER_NUMBER_OBJECT_CONVERSION = YES_AGGRESSIVE;
				CLANG_CXX_LANGUAGE_STANDARD = "gnu++14";
				CLANG_CXX_LIBRARY = "libc++";
				CLANG_ENABLE_MODULES = YES;
				CLANG_ENABLE_OBJC_ARC = YES;
				CLANG_WARN_BLOCK_CAPTURE_AUTORELEASING = YES;
				CLANG_WARN_BOOL_CONVERSION = YES;
				CLANG_WARN_COMMA = YES;
				CLANG_WARN_CONSTANT_CONVERSION = YES;
				CLANG_WARN_DIRECT_OBJC_ISA_USAGE = YES_ERROR;
				CLANG_WARN_DOCUMENTATION_COMMENTS = YES;
				CLANG_WARN_EMPTY_BODY = YES;
				CLANG_WARN_ENUM_CONVERSION = YES;
				CLANG_WARN_INFINITE_RECURSION = YES;
				CLANG_WARN_INT_CONVERSION = YES;
				CLANG_WARN_NON_LITERAL_NULL_CONVERSION = YES;
				CLANG_WARN_OBJC_LITERAL_CONVERSION = YES;
				CLANG_WARN_OBJC_ROOT_CLASS = YES_ERROR;
				CLANG_WARN_RANGE_LOOP_ANALYSIS = YES;
				CLANG_WARN_STRICT_PROTOTYPES = YES;
				CLANG_WARN_SUSPICIOUS_MOVE = YES;
				CLANG_WARN_UNGUARDED_AVAILABILITY = YES_AGGRESSIVE;
				CLANG_WARN_UNREACHABLE_CODE = YES;
				CLANG_WARN__DUPLICATE_METHOD_MATCH = YES;
				CODE_SIGN_IDENTITY = "iPhone Developer";
				COPY_PHASE_STRIP = NO;
				DEBUG_INFORMATION_FORMAT = "dwarf-with-dsym";
				ENABLE_NS_ASSERTIONS = NO;
				ENABLE_STRICT_OBJC_MSGSEND = YES;
				GCC_C_LANGUAGE_STANDARD = gnu11;
				GCC_NO_COMMON_BLOCKS = YES;
				GCC_WARN_64_TO_32_BIT_CONVERSION = YES;
				GCC_WARN_ABOUT_RETURN_TYPE = YES_ERROR;
				GCC_WARN_UNDECLARED_SELECTOR = YES;
				GCC_WARN_UNINITIALIZED_AUTOS = YES_AGGRESSIVE;
				GCC_WARN_UNUSED_FUNCTION = YES;
				GCC_WARN_UNUSED_VARIABLE = YES;
				IPHONEOS_DEPLOYMENT_TARGET = 11.1;
				MTL_ENABLE_DEBUG_INFO = NO;
				SDKROOT = iphoneos;
				SWIFT_OPTIMIZATION_LEVEL = "-Owholemodule";
				VALIDATE_PRODUCT = YES;
			};
			name = Release;
		};
		49B99FF61FB63CFE0037D4FF /* Debug */ = {
			isa = XCBuildConfiguration;
			baseConfigurationReference = 5E155B456A1BD84DF9CDA594 /* Pods-fbxpollenfallen.debug.xcconfig */;
			buildSettings = {
				ASSETCATALOG_COMPILER_APPICON_NAME = AppIcon;
				CODE_SIGN_STYLE = Automatic;
				INFOPLIST_FILE = fbxpollenfallen/Info.plist;
				LD_RUNPATH_SEARCH_PATHS = "$(inherited) @executable_path/Frameworks";
				PRODUCT_BUNDLE_IDENTIFIER = UAF.fbxpollenfallen;
				PRODUCT_NAME = "$(TARGET_NAME)";
				SWIFT_VERSION = 4.0;
				TARGETED_DEVICE_FAMILY = "1,2";
			};
			name = Debug;
		};
		49B99FF71FB63CFE0037D4FF /* Release */ = {
			isa = XCBuildConfiguration;
			baseConfigurationReference = A25E4869FABF4B79B431E4DB /* Pods-fbxpollenfallen.release.xcconfig */;
			buildSettings = {
				ASSETCATALOG_COMPILER_APPICON_NAME = AppIcon;
				CODE_SIGN_STYLE = Automatic;
				INFOPLIST_FILE = fbxpollenfallen/Info.plist;
				LD_RUNPATH_SEARCH_PATHS = "$(inherited) @executable_path/Frameworks";
				PRODUCT_BUNDLE_IDENTIFIER = UAF.fbxpollenfallen;
				PRODUCT_NAME = "$(TARGET_NAME)";
				SWIFT_VERSION = 4.0;
				TARGETED_DEVICE_FAMILY = "1,2";
			};
			name = Release;
		};
		49B99FF91FB63CFE0037D4FF /* Debug */ = {
			isa = XCBuildConfiguration;
			baseConfigurationReference = 91999BDD072E386ECA41AE3A /* Pods-fbxpollenfallenTests.debug.xcconfig */;
			buildSettings = {
				ALWAYS_EMBED_SWIFT_STANDARD_LIBRARIES = YES;
				BUNDLE_LOADER = "$(TEST_HOST)";
				CODE_SIGN_STYLE = Automatic;
				INFOPLIST_FILE = fbxpollenfallenTests/Info.plist;
				LD_RUNPATH_SEARCH_PATHS = "$(inherited) @executable_path/Frameworks @loader_path/Frameworks";
				PRODUCT_BUNDLE_IDENTIFIER = UAF.fbxpollenfallenTests;
				PRODUCT_NAME = "$(TARGET_NAME)";
				SWIFT_VERSION = 4.0;
				TARGETED_DEVICE_FAMILY = "1,2";
				TEST_HOST = "$(BUILT_PRODUCTS_DIR)/fbxpollenfallen.app/fbxpollenfallen";
			};
			name = Debug;
		};
		49B99FFA1FB63CFE0037D4FF /* Release */ = {
			isa = XCBuildConfiguration;
			baseConfigurationReference = F29EB15C532D6DE40936540C /* Pods-fbxpollenfallenTests.release.xcconfig */;
			buildSettings = {
				ALWAYS_EMBED_SWIFT_STANDARD_LIBRARIES = YES;
				BUNDLE_LOADER = "$(TEST_HOST)";
				CODE_SIGN_STYLE = Automatic;
				INFOPLIST_FILE = fbxpollenfallenTests/Info.plist;
				LD_RUNPATH_SEARCH_PATHS = "$(inherited) @executable_path/Frameworks @loader_path/Frameworks";
				PRODUCT_BUNDLE_IDENTIFIER = UAF.fbxpollenfallenTests;
				PRODUCT_NAME = "$(TARGET_NAME)";
				SWIFT_VERSION = 4.0;
				TARGETED_DEVICE_FAMILY = "1,2";
				TEST_HOST = "$(BUILT_PRODUCTS_DIR)/fbxpollenfallen.app/fbxpollenfallen";
			};
			name = Release;
		};
/* End XCBuildConfiguration section */

/* Begin XCConfigurationList section */
		49B99FD31FB63CFD0037D4FF /* Build configuration list for PBXProject "fbxpollenfallen" */ = {
			isa = XCConfigurationList;
			buildConfigurations = (
				49B99FF31FB63CFE0037D4FF /* Debug */,
				49B99FF41FB63CFE0037D4FF /* Release */,
			);
			defaultConfigurationIsVisible = 0;
			defaultConfigurationName = Release;
		};
		49B99FF51FB63CFE0037D4FF /* Build configuration list for PBXNativeTarget "fbxpollenfallen" */ = {
			isa = XCConfigurationList;
			buildConfigurations = (
				49B99FF61FB63CFE0037D4FF /* Debug */,
				49B99FF71FB63CFE0037D4FF /* Release */,
			);
			defaultConfigurationIsVisible = 0;
			defaultConfigurationName = Release;
		};
		49B99FF81FB63CFE0037D4FF /* Build configuration list for PBXNativeTarget "fbxpollenfallenTests" */ = {
			isa = XCConfigurationList;
			buildConfigurations = (
				49B99FF91FB63CFE0037D4FF /* Debug */,
				49B99FFA1FB63CFE0037D4FF /* Release */,
			);
			defaultConfigurationIsVisible = 0;
			defaultConfigurationName = Release;
		};
/* End XCConfigurationList section */
	};
	rootObject = 49B99FD01FB63CFD0037D4FF /* Project object */;
}
